
Microsoft Visual Studio Solution File, Format Version 12.00
# Visual Studio 2013
VisualStudioVersion = 12.0.40629.0
MinimumVisualStudioVersion = 10.0.40219.1
Project("{A0786B88-2ADB-4C21-ABE8-AA2D79766269}") = "PCM", "PCM\PCM.phpproj", "{D2549222-9FF2-4126-B151-EA7A0FA1F172}"
EndProject
Global
	GlobalSection(SolutionConfigurationPlatforms) = preSolution
		Debug|Any CPU = Debug|Any CPU
		Release|Any CPU = Release|Any CPU
	EndGlobalSection
	GlobalSection(ProjectConfigurationPlatforms) = postSolution
		{D2549222-9FF2-4126-B151-EA7A0FA1F172}.Debug|Any CPU.ActiveCfg = Release|Any CPU
		{D2549222-9FF2-4126-B151-EA7A0FA1F172}.Debug|Any CPU.Build.0 = Release|Any CPU
		{D2549222-9FF2-4126-B151-EA7A0FA1F172}.Release|Any CPU.ActiveCfg = Release|Any CPU
		{D2549222-9FF2-4126-B151-EA7A0FA1F172}.Release|Any CPU.Build.0 = Release|Any CPU
	EndGlobalSection
	GlobalSection(SolutionProperties) = preSolution
		HideSolutionNode = FALSE
	EndGlobalSection
EndGlobal
