
Microsoft Visual Studio Solution File, Format Version 12.00
# Visual Studio 2013
VisualStudioVersion = 12.0.40629.0
MinimumVisualStudioVersion = 10.0.40219.1
Project("{FAE04EC0-301F-11D3-BF4B-00C04F79EFBC}") = "WindowsCMS", "WindowsCMS\WindowsCMS.csproj", "{AC07EA53-F751-428D-817B-6FCB2F326E4F}"
EndProject
Project("{54435603-DBB4-11D2-8724-00A0C9A8B90C}") = "Computers Management System", "CMSetup\CMSetup.vdproj", "{EC0298B0-1B01-41E9-934A-484EA6A9A59A}"
EndProject
Project("{FAE04EC0-301F-11D3-BF4B-00C04F79EFBC}") = "ImportanCheck", "ImportanCheck\ImportanCheck.csproj", "{A45F640E-5B67-4B74-82A2-0D5F22C0D17E}"
EndProject
Global
	GlobalSection(SolutionConfigurationPlatforms) = preSolution
		Debug|Any CPU = Debug|Any CPU
		Debug|x86 = Debug|x86
		Release|Any CPU = Release|Any CPU
		Release|x86 = Release|x86
	EndGlobalSection
	GlobalSection(ProjectConfigurationPlatforms) = postSolution
		{AC07EA53-F751-428D-817B-6FCB2F326E4F}.Debug|Any CPU.ActiveCfg = Debug|Any CPU
		{AC07EA53-F751-428D-817B-6FCB2F326E4F}.Debug|Any CPU.Build.0 = Debug|Any CPU
		{AC07EA53-F751-428D-817B-6FCB2F326E4F}.Debug|x86.ActiveCfg = Debug|x86
		{AC07EA53-F751-428D-817B-6FCB2F326E4F}.Debug|x86.Build.0 = Debug|x86
		{AC07EA53-F751-428D-817B-6FCB2F326E4F}.Release|Any CPU.ActiveCfg = Release|Any CPU
		{AC07EA53-F751-428D-817B-6FCB2F326E4F}.Release|Any CPU.Build.0 = Release|Any CPU
		{AC07EA53-F751-428D-817B-6FCB2F326E4F}.Release|x86.ActiveCfg = Release|x86
		{AC07EA53-F751-428D-817B-6FCB2F326E4F}.Release|x86.Build.0 = Release|x86
		{EC0298B0-1B01-41E9-934A-484EA6A9A59A}.Debug|Any CPU.ActiveCfg = Debug
		{EC0298B0-1B01-41E9-934A-484EA6A9A59A}.Debug|Any CPU.Build.0 = Debug
		{EC0298B0-1B01-41E9-934A-484EA6A9A59A}.Debug|x86.ActiveCfg = Debug
		{EC0298B0-1B01-41E9-934A-484EA6A9A59A}.Debug|x86.Build.0 = Debug
		{EC0298B0-1B01-41E9-934A-484EA6A9A59A}.Release|Any CPU.ActiveCfg = Release
		{EC0298B0-1B01-41E9-934A-484EA6A9A59A}.Release|Any CPU.Build.0 = Release
		{EC0298B0-1B01-41E9-934A-484EA6A9A59A}.Release|x86.ActiveCfg = Release
		{EC0298B0-1B01-41E9-934A-484EA6A9A59A}.Release|x86.Build.0 = Release
		{A45F640E-5B67-4B74-82A2-0D5F22C0D17E}.Debug|Any CPU.ActiveCfg = Debug|Any CPU
		{A45F640E-5B67-4B74-82A2-0D5F22C0D17E}.Debug|Any CPU.Build.0 = Debug|Any CPU
		{A45F640E-5B67-4B74-82A2-0D5F22C0D17E}.Debug|x86.ActiveCfg = Debug|x86
		{A45F640E-5B67-4B74-82A2-0D5F22C0D17E}.Debug|x86.Build.0 = Debug|x86
		{A45F640E-5B67-4B74-82A2-0D5F22C0D17E}.Release|Any CPU.ActiveCfg = Release|Any CPU
		{A45F640E-5B67-4B74-82A2-0D5F22C0D17E}.Release|Any CPU.Build.0 = Release|Any CPU
		{A45F640E-5B67-4B74-82A2-0D5F22C0D17E}.Release|x86.ActiveCfg = Release|x86
		{A45F640E-5B67-4B74-82A2-0D5F22C0D17E}.Release|x86.Build.0 = Release|x86
	EndGlobalSection
	GlobalSection(SolutionProperties) = preSolution
		HideSolutionNode = FALSE
	EndGlobalSection
EndGlobal
